
Microsoft Visual Studio Solution File, Format Version 12.00
# Visual Studio 15
VisualStudioVersion = 15.0.28307.902
MinimumVisualStudioVersion = 10.0.40219.1
Project("{FAE04EC0-301F-11D3-BF4B-00C04F79EFBC}") = "Lab1", "Lab1\Lab1.csproj", "{4003EDA6-9D5D-4CAD-9D3A-20F537660F8D}"
EndProject
Global
	GlobalSection(SolutionConfigurationPlatforms) = preSolution
		Debug|Any CPU = Debug|Any CPU
		Release|Any CPU = Release|Any CPU
	EndGlobalSection
	GlobalSection(ProjectConfigurationPlatforms) = postSolution
		{4003EDA6-9D5D-4CAD-9D3A-20F537660F8D}.Debug|Any CPU.ActiveCfg = Debug|Any CPU
		{4003EDA6-9D5D-4CAD-9D3A-20F537660F8D}.Debug|Any CPU.Build.0 = Debug|Any CPU
		{4003EDA6-9D5D-4CAD-9D3A-20F537660F8D}.Release|Any CPU.ActiveCfg = Release|Any CPU
		{4003EDA6-9D5D-4CAD-9D3A-20F537660F8D}.Release|Any CPU.Build.0 = Release|Any CPU
	EndGlobalSection
	GlobalSection(SolutionProperties) = preSolution
		HideSolutionNode = FALSE
	EndGlobalSection
	GlobalSection(ExtensibilityGlobals) = postSolution
		SolutionGuid = {F04BE14F-35CC-455D-9C4D-549CC5D4C9D8}
	EndGlobalSection
EndGlobal
